# This file is autogenerated, do not edit; changes may be undone by the next 'dep ensure'.


[[projects]]
  branch = "master"
  name = "github.com/BurntSushi/xgb"
  packages = [
    ".",
    "shm",
    "xinerama",
    "xproto"
  ]
  revision = "27f122750802c950b2c869a5b63dafcf590ced95"

[[projects]]
  branch = "master"
  name = "github.com/gen2brain/shm"
  packages = ["."]
  revision = "6c18ff7f8b90f16464293a114ffb31be502d54e5"

[[projects]]
  branch = "master"
  name = "github.com/kbinani/screenshot"
  packages = [
    ".",
    "internal/util",
    "internal/xwindow"
  ]
  revision = "9cbbf14dec0ae4109b7d4118933cfe55e6e057fe"

[[projects]]
  branch = "master"
  name = "github.com/lxn/win"
  packages = ["."]
  revision = "785c4956069227e430929ac27bfa26af2ff25dfb"

[solve-meta]
  analyzer-name = "dep"
  analyzer-version = 1
  inputs-digest = "2c736efdbef2610dcf10c38fa9cb21512805352f6c534ddefd7daab1a814a3f5"
  solver-name = "gps-cdcl"
  solver-version = 1
